
Microsoft Visual Studio Solution File, Format Version 12.00
# Visual Studio Version 17
VisualStudioVersion = 17.1.32421.90
MinimumVisualStudioVersion = 10.0.40219.1
Project("{9A19103F-16F7-4668-BE54-9A1E7A4F7556}") = "RobotCompetition.Repo", "RobotCompetition.Repo\RobotCompetition.Repo.csproj", "{061638A3-A7B0-4372-B3CA-E8F52CBC9C36}"
EndProject
Project("{9A19103F-16F7-4668-BE54-9A1E7A4F7556}") = "RobotCompetitionManager", "RobotCompetitionManager\RobotCompetitionManager.csproj", "{1D56151E-3883-4902-B8C9-E9122652F87E}"
EndProject
Global
	GlobalSection(SolutionConfigurationPlatforms) = preSolution
		Debug|Any CPU = Debug|Any CPU
		Release|Any CPU = Release|Any CPU
	EndGlobalSection
	GlobalSection(ProjectConfigurationPlatforms) = postSolution
		{061638A3-A7B0-4372-B3CA-E8F52CBC9C36}.Debug|Any CPU.ActiveCfg = Debug|Any CPU
		{061638A3-A7B0-4372-B3CA-E8F52CBC9C36}.Debug|Any CPU.Build.0 = Debug|Any CPU
		{061638A3-A7B0-4372-B3CA-E8F52CBC9C36}.Release|Any CPU.ActiveCfg = Release|Any CPU
		{061638A3-A7B0-4372-B3CA-E8F52CBC9C36}.Release|Any CPU.Build.0 = Release|Any CPU
		{1D56151E-3883-4902-B8C9-E9122652F87E}.Debug|Any CPU.ActiveCfg = Debug|Any CPU
		{1D56151E-3883-4902-B8C9-E9122652F87E}.Debug|Any CPU.Build.0 = Debug|Any CPU
		{1D56151E-3883-4902-B8C9-E9122652F87E}.Release|Any CPU.ActiveCfg = Release|Any CPU
		{1D56151E-3883-4902-B8C9-E9122652F87E}.Release|Any CPU.Build.0 = Release|Any CPU
	EndGlobalSection
	GlobalSection(SolutionProperties) = preSolution
		HideSolutionNode = FALSE
	EndGlobalSection
	GlobalSection(ExtensibilityGlobals) = postSolution
		SolutionGuid = {A70826E8-EC77-41BB-BFD8-C22A6B067CDA}
	EndGlobalSection
EndGlobal
